// !$*UTF8*$!
{
	archiveVersion = 1;
	classes = {
	};
	objectVersion = 46;
	objects = {

/* Begin PBXBuildFile section */
		843B612C1B4653C400320F40 /* PathFindNode.m in Sources */ = {isa = PBXBuildFile; fileRef = 843B612B1B4653C400320F40 /* PathFindNode.m */; };
		E1980C231B36986F007E71D4 /* main.m in Sources */ = {isa = PBXBuildFile; fileRef = E1980C221B36986F007E71D4 /* main.m */; };
		E1980C261B36986F007E71D4 /* AppDelegate.m in Sources */ = {isa = PBXBuildFile; fileRef = E1980C251B36986F007E71D4 /* AppDelegate.m */; };
		E1980C2E1B36986F007E71D4 /* Images.xcassets in Resources */ = {isa = PBXBuildFile; fileRef = E1980C2D1B36986F007E71D4 /* Images.xcassets */; };
		E1980C311B36986F007E71D4 /* LaunchScreen.xib in Resources */ = {isa = PBXBuildFile; fileRef = E1980C2F1B36986F007E71D4 /* LaunchScreen.xib */; };
		E1980C3D1B36986F007E71D4 /* Lines_iOSTests.m in Sources */ = {isa = PBXBuildFile; fileRef = E1980C3C1B36986F007E71D4 /* Lines_iOSTests.m */; };
		E199FEC51B42CF6800DDDADD /* GameField.m in Sources */ = {isa = PBXBuildFile; fileRef = E199FEC41B42CF6800DDDADD /* GameField.m */; };
		E199FEC81B42CF8900DDDADD /* GameFieldCell.m in Sources */ = {isa = PBXBuildFile; fileRef = E199FEC71B42CF8900DDDADD /* GameFieldCell.m */; };
		E199FECE1B42CFF900DDDADD /* ColorBall.m in Sources */ = {isa = PBXBuildFile; fileRef = E199FECD1B42CFF900DDDADD /* ColorBall.m */; };
		E199FEDD1B4420BF00DDDADD /* BlueBall.png in Resources */ = {isa = PBXBuildFile; fileRef = E199FED31B4420BE00DDDADD /* BlueBall.png */; };
		E199FEDE1B4420BF00DDDADD /* Cell.png in Resources */ = {isa = PBXBuildFile; fileRef = E199FED41B4420BF00DDDADD /* Cell.png */; };
		E199FEDF1B4420BF00DDDADD /* CellWithBorder.png in Resources */ = {isa = PBXBuildFile; fileRef = E199FED51B4420BF00DDDADD /* CellWithBorder.png */; };
		E199FEE01B4420BF00DDDADD /* GreenBall.png in Resources */ = {isa = PBXBuildFile; fileRef = E199FED61B4420BF00DDDADD /* GreenBall.png */; };
		E199FEE11B4420BF00DDDADD /* HighlightedCell.png in Resources */ = {isa = PBXBuildFile; fileRef = E199FED71B4420BF00DDDADD /* HighlightedCell.png */; };
		E199FEE21B4420BF00DDDADD /* OrangeBall.png in Resources */ = {isa = PBXBuildFile; fileRef = E199FED81B4420BF00DDDADD /* OrangeBall.png */; };
		E199FEE31B4420BF00DDDADD /* RedBall.png in Resources */ = {isa = PBXBuildFile; fileRef = E199FED91B4420BF00DDDADD /* RedBall.png */; };
		E199FEE41B4420BF00DDDADD /* SkyBlueBall.png in Resources */ = {isa = PBXBuildFile; fileRef = E199FEDA1B4420BF00DDDADD /* SkyBlueBall.png */; };
		E199FEE51B4420BF00DDDADD /* VioletBall.png in Resources */ = {isa = PBXBuildFile; fileRef = E199FEDB1B4420BF00DDDADD /* VioletBall.png */; };
		E199FEE61B4420BF00DDDADD /* YellowBall.png in Resources */ = {isa = PBXBuildFile; fileRef = E199FEDC1B4420BF00DDDADD /* YellowBall.png */; };
		E199FEEA1B442AC100DDDADD /* GameSceneViewController.m in Sources */ = {isa = PBXBuildFile; fileRef = E199FEE81B442AC100DDDADD /* GameSceneViewController.m */; };
		E199FEEB1B442AC100DDDADD /* GameSceneViewController.xib in Resources */ = {isa = PBXBuildFile; fileRef = E199FEE91B442AC100DDDADD /* GameSceneViewController.xib */; };
		E1AE15B91B36A1E600E4FB34 /* MenuViewController.m in Sources */ = {isa = PBXBuildFile; fileRef = E1AE15B71B36A1E600E4FB34 /* MenuViewController.m */; };
		E1AE15BA1B36A1E600E4FB34 /* MenuViewController.xib in Resources */ = {isa = PBXBuildFile; fileRef = E1AE15B81B36A1E600E4FB34 /* MenuViewController.xib */; };
		E1AE15BF1B36A91600E4FB34 /* NewGameTypeViewController.m in Sources */ = {isa = PBXBuildFile; fileRef = E1AE15BD1B36A91600E4FB34 /* NewGameTypeViewController.m */; };
		E1AE15C01B36A91600E4FB34 /* NewGameTypeViewController.xib in Resources */ = {isa = PBXBuildFile; fileRef = E1AE15BE1B36A91600E4FB34 /* NewGameTypeViewController.xib */; };
		E1AE15C61B36AC6200E4FB34 /* GameKit.framework in Frameworks */ = {isa = PBXBuildFile; fileRef = E1AE15C51B36AC6200E4FB34 /* GameKit.framework */; };
		E1AE15CF1B36AD5300E4FB34 /* LeadereboardViewController.m in Sources */ = {isa = PBXBuildFile; fileRef = E1AE15CD1B36AD5300E4FB34 /* LeadereboardViewController.m */; };
		E1AE15D01B36AD5300E4FB34 /* LeadereboardViewController.xib in Resources */ = {isa = PBXBuildFile; fileRef = E1AE15CE1B36AD5300E4FB34 /* LeadereboardViewController.xib */; };
		E1AE15D61B36AE2200E4FB34 /* SettingViewController.m in Sources */ = {isa = PBXBuildFile; fileRef = E1AE15D41B36AE2200E4FB34 /* SettingViewController.m */; };
		E1AE15D71B36AE2200E4FB34 /* SettingViewController.xib in Resources */ = {isa = PBXBuildFile; fileRef = E1AE15D51B36AE2200E4FB34 /* SettingViewController.xib */; };
		E1AE15DC1B36AE3D00E4FB34 /* HelpViewController.m in Sources */ = {isa = PBXBuildFile; fileRef = E1AE15DA1B36AE3D00E4FB34 /* HelpViewController.m */; };
		E1AE15DD1B36AE3D00E4FB34 /* HelpViewController.xib in Resources */ = {isa = PBXBuildFile; fileRef = E1AE15DB1B36AE3D00E4FB34 /* HelpViewController.xib */; };
/* End PBXBuildFile section */

/* Begin PBXContainerItemProxy section */
		E1980C371B36986F007E71D4 /* PBXContainerItemProxy */ = {
			isa = PBXContainerItemProxy;
			containerPortal = E1980C151B36986E007E71D4 /* Project object */;
			proxyType = 1;
			remoteGlobalIDString = E1980C1C1B36986E007E71D4;
			remoteInfo = Lines_iOS;
		};
/* End PBXContainerItemProxy section */

/* Begin PBXFileReference section */
		843B612A1B4653C400320F40 /* PathFindNode.h */ = {isa = PBXFileReference; fileEncoding = 4; lastKnownFileType = sourcecode.c.h; path = PathFindNode.h; sourceTree = "<group>"; };
		843B612B1B4653C400320F40 /* PathFindNode.m */ = {isa = PBXFileReference; fileEncoding = 4; lastKnownFileType = sourcecode.c.objc; path = PathFindNode.m; sourceTree = "<group>"; };
		E1980C1D1B36986E007E71D4 /* Lines_iOS.app */ = {isa = PBXFileReference; explicitFileType = wrapper.application; includeInIndex = 0; path = Lines_iOS.app; sourceTree = BUILT_PRODUCTS_DIR; };
		E1980C211B36986F007E71D4 /* Info.plist */ = {isa = PBXFileReference; lastKnownFileType = text.plist.xml; path = Info.plist; sourceTree = "<group>"; };
		E1980C221B36986F007E71D4 /* main.m */ = {isa = PBXFileReference; lastKnownFileType = sourcecode.c.objc; path = main.m; sourceTree = "<group>"; };
		E1980C241B36986F007E71D4 /* AppDelegate.h */ = {isa = PBXFileReference; lastKnownFileType = sourcecode.c.h; path = AppDelegate.h; sourceTree = "<group>"; };
		E1980C251B36986F007E71D4 /* AppDelegate.m */ = {isa = PBXFileReference; lastKnownFileType = sourcecode.c.objc; path = AppDelegate.m; sourceTree = "<group>"; };
		E1980C2D1B36986F007E71D4 /* Images.xcassets */ = {isa = PBXFileReference; lastKnownFileType = folder.assetcatalog; path = Images.xcassets; sourceTree = "<group>"; };
		E1980C301B36986F007E71D4 /* Base */ = {isa = PBXFileReference; lastKnownFileType = file.xib; name = Base; path = Base.lproj/LaunchScreen.xib; sourceTree = "<group>"; };
		E1980C361B36986F007E71D4 /* Lines_iOSTests.xctest */ = {isa = PBXFileReference; explicitFileType = wrapper.cfbundle; includeInIndex = 0; path = Lines_iOSTests.xctest; sourceTree = BUILT_PRODUCTS_DIR; };
		E1980C3B1B36986F007E71D4 /* Info.plist */ = {isa = PBXFileReference; lastKnownFileType = text.plist.xml; path = Info.plist; sourceTree = "<group>"; };
		E1980C3C1B36986F007E71D4 /* Lines_iOSTests.m */ = {isa = PBXFileReference; lastKnownFileType = sourcecode.c.objc; path = Lines_iOSTests.m; sourceTree = "<group>"; };
		E199FEC31B42CF6800DDDADD /* GameField.h */ = {isa = PBXFileReference; fileEncoding = 4; lastKnownFileType = sourcecode.c.h; path = GameField.h; sourceTree = "<group>"; };
		E199FEC41B42CF6800DDDADD /* GameField.m */ = {isa = PBXFileReference; fileEncoding = 4; lastKnownFileType = sourcecode.c.objc; path = GameField.m; sourceTree = "<group>"; };
		E199FEC61B42CF8900DDDADD /* GameFieldCell.h */ = {isa = PBXFileReference; fileEncoding = 4; lastKnownFileType = sourcecode.c.h; path = GameFieldCell.h; sourceTree = "<group>"; };
		E199FEC71B42CF8900DDDADD /* GameFieldCell.m */ = {isa = PBXFileReference; fileEncoding = 4; lastKnownFileType = sourcecode.c.objc; path = GameFieldCell.m; sourceTree = "<group>"; };
		E199FECC1B42CFF900DDDADD /* ColorBall.h */ = {isa = PBXFileReference; fileEncoding = 4; lastKnownFileType = sourcecode.c.h; path = ColorBall.h; sourceTree = "<group>"; };
		E199FECD1B42CFF900DDDADD /* ColorBall.m */ = {isa = PBXFileReference; fileEncoding = 4; lastKnownFileType = sourcecode.c.objc; path = ColorBall.m; sourceTree = "<group>"; };
		E199FECF1B42EC8B00DDDADD /* GameFieldDelegate.h */ = {isa = PBXFileReference; fileEncoding = 4; lastKnownFileType = sourcecode.c.h; path = GameFieldDelegate.h; sourceTree = "<group>"; };
		E199FED31B4420BE00DDDADD /* BlueBall.png */ = {isa = PBXFileReference; lastKnownFileType = image.png; path = BlueBall.png; sourceTree = "<group>"; };
		E199FED41B4420BF00DDDADD /* Cell.png */ = {isa = PBXFileReference; lastKnownFileType = image.png; path = Cell.png; sourceTree = "<group>"; };
		E199FED51B4420BF00DDDADD /* CellWithBorder.png */ = {isa = PBXFileReference; lastKnownFileType = image.png; path = CellWithBorder.png; sourceTree = "<group>"; };
		E199FED61B4420BF00DDDADD /* GreenBall.png */ = {isa = PBXFileReference; lastKnownFileType = image.png; path = GreenBall.png; sourceTree = "<group>"; };
		E199FED71B4420BF00DDDADD /* HighlightedCell.png */ = {isa = PBXFileReference; lastKnownFileType = image.png; path = HighlightedCell.png; sourceTree = "<group>"; };
		E199FED81B4420BF00DDDADD /* OrangeBall.png */ = {isa = PBXFileReference; lastKnownFileType = image.png; path = OrangeBall.png; sourceTree = "<group>"; };
		E199FED91B4420BF00DDDADD /* RedBall.png */ = {isa = PBXFileReference; lastKnownFileType = image.png; path = RedBall.png; sourceTree = "<group>"; };
		E199FEDA1B4420BF00DDDADD /* SkyBlueBall.png */ = {isa = PBXFileReference; lastKnownFileType = image.png; path = SkyBlueBall.png; sourceTree = "<group>"; };
		E199FEDB1B4420BF00DDDADD /* VioletBall.png */ = {isa = PBXFileReference; lastKnownFileType = image.png; path = VioletBall.png; sourceTree = "<group>"; };
		E199FEDC1B4420BF00DDDADD /* YellowBall.png */ = {isa = PBXFileReference; lastKnownFileType = image.png; path = YellowBall.png; sourceTree = "<group>"; };
		E199FEE71B442AC100DDDADD /* GameSceneViewController.h */ = {isa = PBXFileReference; fileEncoding = 4; lastKnownFileType = sourcecode.c.h; path = GameSceneViewController.h; sourceTree = "<group>"; };
		E199FEE81B442AC100DDDADD /* GameSceneViewController.m */ = {isa = PBXFileReference; fileEncoding = 4; lastKnownFileType = sourcecode.c.objc; path = GameSceneViewController.m; sourceTree = "<group>"; };
		E199FEE91B442AC100DDDADD /* GameSceneViewController.xib */ = {isa = PBXFileReference; fileEncoding = 4; lastKnownFileType = file.xib; path = GameSceneViewController.xib; sourceTree = "<group>"; };
		E199FEEC1B46E7DB00DDDADD /* GameFieldCellDelegate.h */ = {isa = PBXFileReference; fileEncoding = 4; lastKnownFileType = sourcecode.c.h; path = GameFieldCellDelegate.h; sourceTree = "<group>"; };
		E1AE15B61B36A1E600E4FB34 /* MenuViewController.h */ = {isa = PBXFileReference; fileEncoding = 4; lastKnownFileType = sourcecode.c.h; path = MenuViewController.h; sourceTree = "<group>"; };
		E1AE15B71B36A1E600E4FB34 /* MenuViewController.m */ = {isa = PBXFileReference; fileEncoding = 4; lastKnownFileType = sourcecode.c.objc; path = MenuViewController.m; sourceTree = "<group>"; };
		E1AE15B81B36A1E600E4FB34 /* MenuViewController.xib */ = {isa = PBXFileReference; fileEncoding = 4; lastKnownFileType = file.xib; path = MenuViewController.xib; sourceTree = "<group>"; };
		E1AE15BC1B36A91600E4FB34 /* NewGameTypeViewController.h */ = {isa = PBXFileReference; fileEncoding = 4; lastKnownFileType = sourcecode.c.h; path = NewGameTypeViewController.h; sourceTree = "<group>"; };
		E1AE15BD1B36A91600E4FB34 /* NewGameTypeViewController.m */ = {isa = PBXFileReference; fileEncoding = 4; lastKnownFileType = sourcecode.c.objc; path = NewGameTypeViewController.m; sourceTree = "<group>"; };
		E1AE15BE1B36A91600E4FB34 /* NewGameTypeViewController.xib */ = {isa = PBXFileReference; fileEncoding = 4; lastKnownFileType = file.xib; path = NewGameTypeViewController.xib; sourceTree = "<group>"; };
		E1AE15C51B36AC6200E4FB34 /* GameKit.framework */ = {isa = PBXFileReference; lastKnownFileType = wrapper.framework; name = GameKit.framework; path = System/Library/Frameworks/GameKit.framework; sourceTree = SDKROOT; };
		E1AE15CC1B36AD5300E4FB34 /* LeadereboardViewController.h */ = {isa = PBXFileReference; fileEncoding = 4; lastKnownFileType = sourcecode.c.h; path = LeadereboardViewController.h; sourceTree = "<group>"; };
		E1AE15CD1B36AD5300E4FB34 /* LeadereboardViewController.m */ = {isa = PBXFileReference; fileEncoding = 4; lastKnownFileType = sourcecode.c.objc; path = LeadereboardViewController.m; sourceTree = "<group>"; };
		E1AE15CE1B36AD5300E4FB34 /* LeadereboardViewController.xib */ = {isa = PBXFileReference; fileEncoding = 4; lastKnownFileType = file.xib; path = LeadereboardViewController.xib; sourceTree = "<group>"; };
		E1AE15D31B36AE2200E4FB34 /* SettingViewController.h */ = {isa = PBXFileReference; fileEncoding = 4; lastKnownFileType = sourcecode.c.h; path = SettingViewController.h; sourceTree = "<group>"; };
		E1AE15D41B36AE2200E4FB34 /* SettingViewController.m */ = {isa = PBXFileReference; fileEncoding = 4; lastKnownFileType = sourcecode.c.objc; path = SettingViewController.m; sourceTree = "<group>"; };
		E1AE15D51B36AE2200E4FB34 /* SettingViewController.xib */ = {isa = PBXFileReference; fileEncoding = 4; lastKnownFileType = file.xib; path = SettingViewController.xib; sourceTree = "<group>"; };
		E1AE15D91B36AE3D00E4FB34 /* HelpViewController.h */ = {isa = PBXFileReference; fileEncoding = 4; lastKnownFileType = sourcecode.c.h; path = HelpViewController.h; sourceTree = "<group>"; };
		E1AE15DA1B36AE3D00E4FB34 /* HelpViewController.m */ = {isa = PBXFileReference; fileEncoding = 4; lastKnownFileType = sourcecode.c.objc; path = HelpViewController.m; sourceTree = "<group>"; };
		E1AE15DB1B36AE3D00E4FB34 /* HelpViewController.xib */ = {isa = PBXFileReference; fileEncoding = 4; lastKnownFileType = file.xib; path = HelpViewController.xib; sourceTree = "<group>"; };
/* End PBXFileReference section */

/* Begin PBXFrameworksBuildPhase section */
		E1980C1A1B36986E007E71D4 /* Frameworks */ = {
			isa = PBXFrameworksBuildPhase;
			buildActionMask = 2147483647;
			files = (
				E1AE15C61B36AC6200E4FB34 /* GameKit.framework in Frameworks */,
			);
			runOnlyForDeploymentPostprocessing = 0;
		};
		E1980C331B36986F007E71D4 /* Frameworks */ = {
			isa = PBXFrameworksBuildPhase;
			buildActionMask = 2147483647;
			files = (
			);
			runOnlyForDeploymentPostprocessing = 0;
		};
/* End PBXFrameworksBuildPhase section */

/* Begin PBXGroup section */
		843B61271B4652ED00320F40 /* A star algorirthm */ = {
			isa = PBXGroup;
			children = (
				843B612A1B4653C400320F40 /* PathFindNode.h */,
				843B612B1B4653C400320F40 /* PathFindNode.m */,
			);
			name = "A star algorirthm";
			sourceTree = "<group>";
		};
		E1980C141B36986E007E71D4 = {
			isa = PBXGroup;
			children = (
				E1AE15C51B36AC6200E4FB34 /* GameKit.framework */,
				E1980C1F1B36986E007E71D4 /* Lines_iOS */,
				E1980C391B36986F007E71D4 /* Lines_iOSTests */,
				E1980C1E1B36986E007E71D4 /* Products */,
			);
			sourceTree = "<group>";
		};
		E1980C1E1B36986E007E71D4 /* Products */ = {
			isa = PBXGroup;
			children = (
				E1980C1D1B36986E007E71D4 /* Lines_iOS.app */,
				E1980C361B36986F007E71D4 /* Lines_iOSTests.xctest */,
			);
			name = Products;
			sourceTree = "<group>";
		};
		E1980C1F1B36986E007E71D4 /* Lines_iOS */ = {
			isa = PBXGroup;
			children = (
				843B61271B4652ED00320F40 /* A star algorirthm */,
				E199FEC21B42CF2C00DDDADD /* GameObjects */,
				E199FED01B44203F00DDDADD /* Controllers */,
				E1980C241B36986F007E71D4 /* AppDelegate.h */,
				E1980C251B36986F007E71D4 /* AppDelegate.m */,
				E1980C2D1B36986F007E71D4 /* Images.xcassets */,
				E1980C2F1B36986F007E71D4 /* LaunchScreen.xib */,
				E199FED21B4420BE00DDDADD /* Pictures */,
				E1980C201B36986F007E71D4 /* Supporting Files */,
			);
			path = Lines_iOS;
			sourceTree = "<group>";
		};
		E1980C201B36986F007E71D4 /* Supporting Files */ = {
			isa = PBXGroup;
			children = (
				E1980C211B36986F007E71D4 /* Info.plist */,
				E1980C221B36986F007E71D4 /* main.m */,
			);
			name = "Supporting Files";
			sourceTree = "<group>";
		};
		E1980C391B36986F007E71D4 /* Lines_iOSTests */ = {
			isa = PBXGroup;
			children = (
				E1980C3C1B36986F007E71D4 /* Lines_iOSTests.m */,
				E1980C3A1B36986F007E71D4 /* Supporting Files */,
			);
			path = Lines_iOSTests;
			sourceTree = "<group>";
		};
		E1980C3A1B36986F007E71D4 /* Supporting Files */ = {
			isa = PBXGroup;
			children = (
				E1980C3B1B36986F007E71D4 /* Info.plist */,
			);
			name = "Supporting Files";
			sourceTree = "<group>";
		};
		E199FEC21B42CF2C00DDDADD /* GameObjects */ = {
			isa = PBXGroup;
			children = (
				E199FECB1B42CFB400DDDADD /* ColorBall */,
				E199FECA1B42CF9C00DDDADD /* GameFieldCell */,
				E199FEC91B42CF8E00DDDADD /* GameField */,
				E199FECF1B42EC8B00DDDADD /* GameFieldDelegate.h */,
				E199FEEC1B46E7DB00DDDADD /* GameFieldCellDelegate.h */,
			);
			name = GameObjects;
			sourceTree = "<group>";
		};
		E199FEC91B42CF8E00DDDADD /* GameField */ = {
			isa = PBXGroup;
			children = (
				E199FEC31B42CF6800DDDADD /* GameField.h */,
				E199FEC41B42CF6800DDDADD /* GameField.m */,
			);
			name = GameField;
			sourceTree = "<group>";
		};
		E199FECA1B42CF9C00DDDADD /* GameFieldCell */ = {
			isa = PBXGroup;
			children = (
				E199FEC61B42CF8900DDDADD /* GameFieldCell.h */,
				E199FEC71B42CF8900DDDADD /* GameFieldCell.m */,
			);
			name = GameFieldCell;
			sourceTree = "<group>";
		};
		E199FECB1B42CFB400DDDADD /* ColorBall */ = {
			isa = PBXGroup;
			children = (
				E199FECC1B42CFF900DDDADD /* ColorBall.h */,
				E199FECD1B42CFF900DDDADD /* ColorBall.m */,
			);
			name = ColorBall;
			sourceTree = "<group>";
		};
		E199FED01B44203F00DDDADD /* Controllers */ = {
			isa = PBXGroup;
			children = (
				E1AE15DE1B36BD3C00E4FB34 /* GameScene */,
				E1AE15B51B36A1D600E4FB34 /* Menu */,
				E1AE15BB1B36A8E400E4FB34 /* New Game Type */,
				E1AE15C11B36AB3900E4FB34 /* Leaderboard */,
				E1AE15D11B36ADEF00E4FB34 /* Settings */,
				E1AE15D21B36ADFC00E4FB34 /* Help */,
			);
			name = Controllers;
			sourceTree = "<group>";
		};
		E199FED21B4420BE00DDDADD /* Pictures */ = {
			isa = PBXGroup;
			children = (
				E199FED31B4420BE00DDDADD /* BlueBall.png */,
				E199FED41B4420BF00DDDADD /* Cell.png */,
				E199FED51B4420BF00DDDADD /* CellWithBorder.png */,
				E199FED61B4420BF00DDDADD /* GreenBall.png */,
				E199FED71B4420BF00DDDADD /* HighlightedCell.png */,
				E199FED81B4420BF00DDDADD /* OrangeBall.png */,
				E199FED91B4420BF00DDDADD /* RedBall.png */,
				E199FEDA1B4420BF00DDDADD /* SkyBlueBall.png */,
				E199FEDB1B4420BF00DDDADD /* VioletBall.png */,
				E199FEDC1B4420BF00DDDADD /* YellowBall.png */,
			);
			path = Pictures;
			sourceTree = SOURCE_ROOT;
		};
		E1AE15B51B36A1D600E4FB34 /* Menu */ = {
			isa = PBXGroup;
			children = (
				E1AE15B61B36A1E600E4FB34 /* MenuViewController.h */,
				E1AE15B71B36A1E600E4FB34 /* MenuViewController.m */,
				E1AE15B81B36A1E600E4FB34 /* MenuViewController.xib */,
			);
			name = Menu;
			sourceTree = "<group>";
		};
		E1AE15BB1B36A8E400E4FB34 /* New Game Type */ = {
			isa = PBXGroup;
			children = (
				E1AE15BC1B36A91600E4FB34 /* NewGameTypeViewController.h */,
				E1AE15BD1B36A91600E4FB34 /* NewGameTypeViewController.m */,
				E1AE15BE1B36A91600E4FB34 /* NewGameTypeViewController.xib */,
			);
			name = "New Game Type";
			sourceTree = "<group>";
		};
		E1AE15C11B36AB3900E4FB34 /* Leaderboard */ = {
			isa = PBXGroup;
			children = (
				E1AE15CC1B36AD5300E4FB34 /* LeadereboardViewController.h */,
				E1AE15CD1B36AD5300E4FB34 /* LeadereboardViewController.m */,
				E1AE15CE1B36AD5300E4FB34 /* LeadereboardViewController.xib */,
			);
			name = Leaderboard;
			sourceTree = "<group>";
		};
		E1AE15D11B36ADEF00E4FB34 /* Settings */ = {
			isa = PBXGroup;
			children = (
				E1AE15D31B36AE2200E4FB34 /* SettingViewController.h */,
				E1AE15D41B36AE2200E4FB34 /* SettingViewController.m */,
				E1AE15D51B36AE2200E4FB34 /* SettingViewController.xib */,
			);
			name = Settings;
			sourceTree = "<group>";
		};
		E1AE15D21B36ADFC00E4FB34 /* Help */ = {
			isa = PBXGroup;
			children = (
				E1AE15D91B36AE3D00E4FB34 /* HelpViewController.h */,
				E1AE15DA1B36AE3D00E4FB34 /* HelpViewController.m */,
				E1AE15DB1B36AE3D00E4FB34 /* HelpViewController.xib */,
			);
			name = Help;
			sourceTree = "<group>";
		};
		E1AE15DE1B36BD3C00E4FB34 /* GameScene */ = {
			isa = PBXGroup;
			children = (
				E199FEE71B442AC100DDDADD /* GameSceneViewController.h */,
				E199FEE81B442AC100DDDADD /* GameSceneViewController.m */,
				E199FEE91B442AC100DDDADD /* GameSceneViewController.xib */,
			);
			name = GameScene;
			sourceTree = "<group>";
		};
/* End PBXGroup section */

/* Begin PBXNativeTarget section */
		E1980C1C1B36986E007E71D4 /* Lines_iOS */ = {
			isa = PBXNativeTarget;
			buildConfigurationList = E1980C401B36986F007E71D4 /* Build configuration list for PBXNativeTarget "Lines_iOS" */;
			buildPhases = (
				E1980C191B36986E007E71D4 /* Sources */,
				E1980C1A1B36986E007E71D4 /* Frameworks */,
				E1980C1B1B36986E007E71D4 /* Resources */,
			);
			buildRules = (
			);
			dependencies = (
			);
			name = Lines_iOS;
			productName = Lines_iOS;
			productReference = E1980C1D1B36986E007E71D4 /* Lines_iOS.app */;
			productType = "com.apple.product-type.application";
		};
		E1980C351B36986F007E71D4 /* Lines_iOSTests */ = {
			isa = PBXNativeTarget;
			buildConfigurationList = E1980C431B36986F007E71D4 /* Build configuration list for PBXNativeTarget "Lines_iOSTests" */;
			buildPhases = (
				E1980C321B36986F007E71D4 /* Sources */,
				E1980C331B36986F007E71D4 /* Frameworks */,
				E1980C341B36986F007E71D4 /* Resources */,
			);
			buildRules = (
			);
			dependencies = (
				E1980C381B36986F007E71D4 /* PBXTargetDependency */,
			);
			name = Lines_iOSTests;
			productName = Lines_iOSTests;
			productReference = E1980C361B36986F007E71D4 /* Lines_iOSTests.xctest */;
			productType = "com.apple.product-type.bundle.unit-test";
		};
/* End PBXNativeTarget section */

/* Begin PBXProject section */
		E1980C151B36986E007E71D4 /* Project object */ = {
			isa = PBXProject;
			attributes = {
				LastUpgradeCheck = 0620;
				ORGANIZATIONNAME = "A'Shi";
				TargetAttributes = {
					E1980C1C1B36986E007E71D4 = {
						CreatedOnToolsVersion = 6.2;
					};
					E1980C351B36986F007E71D4 = {
						CreatedOnToolsVersion = 6.2;
						TestTargetID = E1980C1C1B36986E007E71D4;
					};
				};
			};
			buildConfigurationList = E1980C181B36986E007E71D4 /* Build configuration list for PBXProject "Lines_iOS" */;
			compatibilityVersion = "Xcode 3.2";
			developmentRegion = English;
			hasScannedForEncodings = 0;
			knownRegions = (
				en,
				Base,
			);
			mainGroup = E1980C141B36986E007E71D4;
			productRefGroup = E1980C1E1B36986E007E71D4 /* Products */;
			projectDirPath = "";
			projectRoot = "";
			targets = (
				E1980C1C1B36986E007E71D4 /* Lines_iOS */,
				E1980C351B36986F007E71D4 /* Lines_iOSTests */,
			);
		};
/* End PBXProject section */

/* Begin PBXResourcesBuildPhase section */
		E1980C1B1B36986E007E71D4 /* Resources */ = {
			isa = PBXResourcesBuildPhase;
			buildActionMask = 2147483647;
			files = (
				E1980C311B36986F007E71D4 /* LaunchScreen.xib in Resources */,
				E199FEE61B4420BF00DDDADD /* YellowBall.png in Resources */,
				E1AE15D71B36AE2200E4FB34 /* SettingViewController.xib in Resources */,
				E1AE15D01B36AD5300E4FB34 /* LeadereboardViewController.xib in Resources */,
				E199FEDD1B4420BF00DDDADD /* BlueBall.png in Resources */,
				E1AE15BA1B36A1E600E4FB34 /* MenuViewController.xib in Resources */,
				E1980C2E1B36986F007E71D4 /* Images.xcassets in Resources */,
				E1AE15DD1B36AE3D00E4FB34 /* HelpViewController.xib in Resources */,
				E199FEE41B4420BF00DDDADD /* SkyBlueBall.png in Resources */,
				E199FEE11B4420BF00DDDADD /* HighlightedCell.png in Resources */,
				E199FEE51B4420BF00DDDADD /* VioletBall.png in Resources */,
				E199FEDE1B4420BF00DDDADD /* Cell.png in Resources */,
				E199FEEB1B442AC100DDDADD /* GameSceneViewController.xib in Resources */,
				E199FEE01B4420BF00DDDADD /* GreenBall.png in Resources */,
				E199FEE31B4420BF00DDDADD /* RedBall.png in Resources */,
				E199FEDF1B4420BF00DDDADD /* CellWithBorder.png in Resources */,
				E1AE15C01B36A91600E4FB34 /* NewGameTypeViewController.xib in Resources */,
				E199FEE21B4420BF00DDDADD /* OrangeBall.png in Resources */,
			);
			runOnlyForDeploymentPostprocessing = 0;
		};
		E1980C341B36986F007E71D4 /* Resources */ = {
			isa = PBXResourcesBuildPhase;
			buildActionMask = 2147483647;
			files = (
			);
			runOnlyForDeploymentPostprocessing = 0;
		};
/* End PBXResourcesBuildPhase section */

/* Begin PBXSourcesBuildPhase section */
		E1980C191B36986E007E71D4 /* Sources */ = {
			isa = PBXSourcesBuildPhase;
			buildActionMask = 2147483647;
			files = (
				E199FECE1B42CFF900DDDADD /* ColorBall.m in Sources */,
				E1980C261B36986F007E71D4 /* AppDelegate.m in Sources */,
				E199FEC51B42CF6800DDDADD /* GameField.m in Sources */,
				843B612C1B4653C400320F40 /* PathFindNode.m in Sources */,
				E1AE15B91B36A1E600E4FB34 /* MenuViewController.m in Sources */,
				E1980C231B36986F007E71D4 /* main.m in Sources */,
				E199FEC81B42CF8900DDDADD /* GameFieldCell.m in Sources */,
				E1AE15CF1B36AD5300E4FB34 /* LeadereboardViewController.m in Sources */,
				E1AE15DC1B36AE3D00E4FB34 /* HelpViewController.m in Sources */,
				E1AE15BF1B36A91600E4FB34 /* NewGameTypeViewController.m in Sources */,
				E1AE15D61B36AE2200E4FB34 /* SettingViewController.m in Sources */,
				E199FEEA1B442AC100DDDADD /* GameSceneViewController.m in Sources */,
			);
			runOnlyForDeploymentPostprocessing = 0;
		};
		E1980C321B36986F007E71D4 /* Sources */ = {
			isa = PBXSourcesBuildPhase;
			buildActionMask = 2147483647;
			files = (
				E1980C3D1B36986F007E71D4 /* Lines_iOSTests.m in Sources */,
			);
			runOnlyForDeploymentPostprocessing = 0;
		};
/* End PBXSourcesBuildPhase section */

/* Begin PBXTargetDependency section */
		E1980C381B36986F007E71D4 /* PBXTargetDependency */ = {
			isa = PBXTargetDependency;
			target = E1980C1C1B36986E007E71D4 /* Lines_iOS */;
			targetProxy = E1980C371B36986F007E71D4 /* PBXContainerItemProxy */;
		};
/* End PBXTargetDependency section */

/* Begin PBXVariantGroup section */
		E1980C2F1B36986F007E71D4 /* LaunchScreen.xib */ = {
			isa = PBXVariantGroup;
			children = (
				E1980C301B36986F007E71D4 /* Base */,
			);
			name = LaunchScreen.xib;
			sourceTree = "<group>";
		};
/* End PBXVariantGroup section */

/* Begin XCBuildConfiguration section */
		E1980C3E1B36986F007E71D4 /* Debug */ = {
			isa = XCBuildConfiguration;
			buildSettings = {
				ALWAYS_SEARCH_USER_PATHS = NO;
				CLANG_CXX_LANGUAGE_STANDARD = "gnu++0x";
				CLANG_CXX_LIBRARY = "libc++";
				CLANG_ENABLE_MODULES = YES;
				CLANG_ENABLE_OBJC_ARC = YES;
				CLANG_WARN_BOOL_CONVERSION = YES;
				CLANG_WARN_CONSTANT_CONVERSION = YES;
				CLANG_WARN_DIRECT_OBJC_ISA_USAGE = YES_ERROR;
				CLANG_WARN_EMPTY_BODY = YES;
				CLANG_WARN_ENUM_CONVERSION = YES;
				CLANG_WARN_INT_CONVERSION = YES;
				CLANG_WARN_OBJC_ROOT_CLASS = YES_ERROR;
				CLANG_WARN_UNREACHABLE_CODE = YES;
				CLANG_WARN__DUPLICATE_METHOD_MATCH = YES;
				"CODE_SIGN_IDENTITY[sdk=iphoneos*]" = "iPhone Developer";
				COPY_PHASE_STRIP = NO;
				ENABLE_STRICT_OBJC_MSGSEND = YES;
				GCC_C_LANGUAGE_STANDARD = gnu99;
				GCC_DYNAMIC_NO_PIC = NO;
				GCC_OPTIMIZATION_LEVEL = 0;
				GCC_PREPROCESSOR_DEFINITIONS = (
					"DEBUG=1",
					"$(inherited)",
				);
				GCC_SYMBOLS_PRIVATE_EXTERN = NO;
				GCC_WARN_64_TO_32_BIT_CONVERSION = YES;
				GCC_WARN_ABOUT_RETURN_TYPE = YES_ERROR;
				GCC_WARN_UNDECLARED_SELECTOR = YES;
				GCC_WARN_UNINITIALIZED_AUTOS = YES_AGGRESSIVE;
				GCC_WARN_UNUSED_FUNCTION = YES;
				GCC_WARN_UNUSED_VARIABLE = YES;
				IPHONEOS_DEPLOYMENT_TARGET = 8.2;
				MTL_ENABLE_DEBUG_INFO = YES;
				ONLY_ACTIVE_ARCH = YES;
				SDKROOT = iphoneos;
			};
			name = Debug;
		};
		E1980C3F1B36986F007E71D4 /* Release */ = {
			isa = XCBuildConfiguration;
			buildSettings = {
				ALWAYS_SEARCH_USER_PATHS = NO;
				CLANG_CXX_LANGUAGE_STANDARD = "gnu++0x";
				CLANG_CXX_LIBRARY = "libc++";
				CLANG_ENABLE_MODULES = YES;
				CLANG_ENABLE_OBJC_ARC = YES;
				CLANG_WARN_BOOL_CONVERSION = YES;
				CLANG_WARN_CONSTANT_CONVERSION = YES;
				CLANG_WARN_DIRECT_OBJC_ISA_USAGE = YES_ERROR;
				CLANG_WARN_EMPTY_BODY = YES;
				CLANG_WARN_ENUM_CONVERSION = YES;
				CLANG_WARN_INT_CONVERSION = YES;
				CLANG_WARN_OBJC_ROOT_CLASS = YES_ERROR;
				CLANG_WARN_UNREACHABLE_CODE = YES;
				CLANG_WARN__DUPLICATE_METHOD_MATCH = YES;
				"CODE_SIGN_IDENTITY[sdk=iphoneos*]" = "iPhone Developer";
				COPY_PHASE_STRIP = NO;
				ENABLE_NS_ASSERTIONS = NO;
				ENABLE_STRICT_OBJC_MSGSEND = YES;
				GCC_C_LANGUAGE_STANDARD = gnu99;
				GCC_WARN_64_TO_32_BIT_CONVERSION = YES;
				GCC_WARN_ABOUT_RETURN_TYPE = YES_ERROR;
				GCC_WARN_UNDECLARED_SELECTOR = YES;
				GCC_WARN_UNINITIALIZED_AUTOS = YES_AGGRESSIVE;
				GCC_WARN_UNUSED_FUNCTION = YES;
				GCC_WARN_UNUSED_VARIABLE = YES;
				IPHONEOS_DEPLOYMENT_TARGET = 8.2;
				MTL_ENABLE_DEBUG_INFO = NO;
				SDKROOT = iphoneos;
				VALIDATE_PRODUCT = YES;
			};
			name = Release;
		};
		E1980C411B36986F007E71D4 /* Debug */ = {
			isa = XCBuildConfiguration;
			buildSettings = {
				ASSETCATALOG_COMPILER_APPICON_NAME = AppIcon;
				INFOPLIST_FILE = Lines_iOS/Info.plist;
				IPHONEOS_DEPLOYMENT_TARGET = 7.0;
				LD_RUNPATH_SEARCH_PATHS = "$(inherited) @executable_path/Frameworks";
				PRODUCT_NAME = "$(TARGET_NAME)";
			};
			name = Debug;
		};
		E1980C421B36986F007E71D4 /* Release */ = {
			isa = XCBuildConfiguration;
			buildSettings = {
				ASSETCATALOG_COMPILER_APPICON_NAME = AppIcon;
				INFOPLIST_FILE = Lines_iOS/Info.plist;
				IPHONEOS_DEPLOYMENT_TARGET = 7.0;
				LD_RUNPATH_SEARCH_PATHS = "$(inherited) @executable_path/Frameworks";
				PRODUCT_NAME = "$(TARGET_NAME)";
			};
			name = Release;
		};
		E1980C441B36986F007E71D4 /* Debug */ = {
			isa = XCBuildConfiguration;
			buildSettings = {
				BUNDLE_LOADER = "$(TEST_HOST)";
				FRAMEWORK_SEARCH_PATHS = (
					"$(SDKROOT)/Developer/Library/Frameworks",
					"$(inherited)",
				);
				GCC_PREPROCESSOR_DEFINITIONS = (
					"DEBUG=1",
					"$(inherited)",
				);
				INFOPLIST_FILE = Lines_iOSTests/Info.plist;
				LD_RUNPATH_SEARCH_PATHS = "$(inherited) @executable_path/Frameworks @loader_path/Frameworks";
				PRODUCT_NAME = "$(TARGET_NAME)";
				TEST_HOST = "$(BUILT_PRODUCTS_DIR)/Lines_iOS.app/Lines_iOS";
			};
			name = Debug;
		};
		E1980C451B36986F007E71D4 /* Release */ = {
			isa = XCBuildConfiguration;
			buildSettings = {
				BUNDLE_LOADER = "$(TEST_HOST)";
				FRAMEWORK_SEARCH_PATHS = (
					"$(SDKROOT)/Developer/Library/Frameworks",
					"$(inherited)",
				);
				INFOPLIST_FILE = Lines_iOSTests/Info.plist;
				LD_RUNPATH_SEARCH_PATHS = "$(inherited) @executable_path/Frameworks @loader_path/Frameworks";
				PRODUCT_NAME = "$(TARGET_NAME)";
				TEST_HOST = "$(BUILT_PRODUCTS_DIR)/Lines_iOS.app/Lines_iOS";
			};
			name = Release;
		};
/* End XCBuildConfiguration section */

/* Begin XCConfigurationList section */
		E1980C181B36986E007E71D4 /* Build configuration list for PBXProject "Lines_iOS" */ = {
			isa = XCConfigurationList;
			buildConfigurations = (
				E1980C3E1B36986F007E71D4 /* Debug */,
				E1980C3F1B36986F007E71D4 /* Release */,
			);
			defaultConfigurationIsVisible = 0;
			defaultConfigurationName = Release;
		};
		E1980C401B36986F007E71D4 /* Build configuration list for PBXNativeTarget "Lines_iOS" */ = {
			isa = XCConfigurationList;
			buildConfigurations = (
				E1980C411B36986F007E71D4 /* Debug */,
				E1980C421B36986F007E71D4 /* Release */,
			);
			defaultConfigurationIsVisible = 0;
			defaultConfigurationName = Release;
		};
		E1980C431B36986F007E71D4 /* Build configuration list for PBXNativeTarget "Lines_iOSTests" */ = {
			isa = XCConfigurationList;
			buildConfigurations = (
				E1980C441B36986F007E71D4 /* Debug */,
				E1980C451B36986F007E71D4 /* Release */,
			);
			defaultConfigurationIsVisible = 0;
			defaultConfigurationName = Release;
		};
/* End XCConfigurationList section */
	};
	rootObject = E1980C151B36986E007E71D4 /* Project object */;
}
